
Microsoft Visual Studio Solution File, Format Version 12.00
# Visual Studio Version 16
VisualStudioVersion = 16.0.34601.136
MinimumVisualStudioVersion = 10.0.40219.1
Project("{FAE04EC0-301F-11D3-BF4B-00C04F79EFBC}") = "WpfApp1", "WpfApp1\WpfApp1.csproj", "{CA206174-F0D7-416E-A52E-997E334AA14A}"
EndProject
Global
	GlobalSection(SolutionConfigurationPlatforms) = preSolution
		Debug|Any CPU = Debug|Any CPU
		Release|Any CPU = Release|Any CPU
	EndGlobalSection
	GlobalSection(ProjectConfigurationPlatforms) = postSolution
		{CA206174-F0D7-416E-A52E-997E334AA14A}.Debug|Any CPU.ActiveCfg = Debug|Any CPU
		{CA206174-F0D7-416E-A52E-997E334AA14A}.Debug|Any CPU.Build.0 = Debug|Any CPU
		{CA206174-F0D7-416E-A52E-997E334AA14A}.Release|Any CPU.ActiveCfg = Release|Any CPU
		{CA206174-F0D7-416E-A52E-997E334AA14A}.Release|Any CPU.Build.0 = Release|Any CPU
	EndGlobalSection
	GlobalSection(SolutionProperties) = preSolution
		HideSolutionNode = FALSE
	EndGlobalSection
	GlobalSection(ExtensibilityGlobals) = postSolution
		SolutionGuid = {CDFCA3C8-785A-4BAA-A8C5-59FBEA88DE38}
	EndGlobalSection
EndGlobal
